{
  "version": 4,
  "terraform_version": "0.15.3",
  "serial": 56,
  "lineage": "2a08ae34-4f61-b331-cbf7-db7393d1d10c",
  "outputs": {
    "db_address_eu": {
      "value": "35.246.216.255",
      "type": "string"
    },
    "db_password": {
      "value": "TZcYfWiusqNounSh",
      "type": "string",
      "sensitive": true
    },
    "webserver_address_eu": {
      "value": "35.246.214.16",
      "type": "string"
    }
  },
  "resources": [
    {
      "mode": "managed",
      "type": "google_compute_backend_service",
      "name": "backend_service",
      "provider": "provider[\"registry.terraform.io/hashicorp/google\"]",
      "instances": []
    },
    {
      "mode": "managed",
      "type": "google_compute_firewall",
      "name": "default",
      "provider": "provider[\"registry.terraform.io/hashicorp/google\"]",
      "instances": [
        {
          "schema_version": 1,
          "attributes": {
            "allow": [
              {
                "ports": [
                  "22"
                ],
                "protocol": "tcp"
              },
              {
                "ports": [
                  "5000"
                ],
                "protocol": "tcp"
              },
              {
                "ports": [],
                "protocol": "icmp"
              }
            ],
            "creation_timestamp": "2021-05-12T05:08:44.480-07:00",
            "deny": [],
            "description": "",
            "destination_ranges": [],
            "direction": "INGRESS",
            "disabled": false,
            "enable_logging": false,
            "id": "projects/balmy-virtue-313511/global/firewalls/flask-app-firewall",
            "name": "flask-app-firewall",
            "network": "https://www.googleapis.com/compute/v1/projects/balmy-virtue-313511/global/networks/terraform-network",
            "priority": 1000,
            "project": "balmy-virtue-313511",
            "self_link": "https://www.googleapis.com/compute/v1/projects/balmy-virtue-313511/global/firewalls/flask-app-firewall",
            "source_ranges": [
              "0.0.0.0/0"
            ],
            "source_service_accounts": [],
            "source_tags": [],
            "target_service_accounts": [],
            "target_tags": [],
            "timeouts": null
          },
          "sensitive_attributes": [],
          "private": "eyJlMmJmYjczMC1lY2FhLTExZTYtOGY4OC0zNDM2M2JjN2M0YzAiOnsiY3JlYXRlIjoyNDAwMDAwMDAwMDAsImRlbGV0ZSI6MjQwMDAwMDAwMDAwLCJ1cGRhdGUiOjI0MDAwMDAwMDAwMH0sInNjaGVtYV92ZXJzaW9uIjoiMSJ9"
        }
      ]
    },
    {
      "mode": "managed",
      "type": "google_compute_global_forwarding_rule",
      "name": "global_forwarding_rule",
      "provider": "provider[\"registry.terraform.io/hashicorp/google\"]",
      "instances": []
    },
    {
      "mode": "managed",
      "type": "google_compute_health_check",
      "name": "healthcheck",
      "provider": "provider[\"registry.terraform.io/hashicorp/google\"]",
      "instances": [
        {
          "schema_version": 0,
          "attributes": {
            "check_interval_sec": 1,
            "creation_timestamp": "2021-05-12T07:56:05.724-07:00",
            "description": "",
            "healthy_threshold": 2,
            "http2_health_check": [],
            "http_health_check": [
              {
                "host": "",
                "port": 5000,
                "port_name": "",
                "port_specification": "",
                "proxy_header": "NONE",
                "request_path": "/",
                "response": ""
              }
            ],
            "https_health_check": [],
            "id": "projects/balmy-virtue-313511/global/healthChecks/healthcheck",
            "name": "healthcheck",
            "project": "balmy-virtue-313511",
            "self_link": "https://www.googleapis.com/compute/v1/projects/balmy-virtue-313511/global/healthChecks/healthcheck",
            "ssl_health_check": [],
            "tcp_health_check": [],
            "timeout_sec": 1,
            "timeouts": null,
            "type": "HTTP",
            "unhealthy_threshold": 2
          },
          "sensitive_attributes": [],
          "private": "eyJlMmJmYjczMC1lY2FhLTExZTYtOGY4OC0zNDM2M2JjN2M0YzAiOnsiY3JlYXRlIjoyNDAwMDAwMDAwMDAsImRlbGV0ZSI6MjQwMDAwMDAwMDAwLCJ1cGRhdGUiOjI0MDAwMDAwMDAwMH19"
        }
      ]
    },
    {
      "mode": "managed",
      "type": "google_compute_instance",
      "name": "smoketest",
      "provider": "provider[\"registry.terraform.io/hashicorp/google\"]",
      "instances": [
        {
          "schema_version": 6,
          "attributes": {
            "allow_stopping_for_update": null,
            "attached_disk": [],
            "boot_disk": [
              {
                "auto_delete": true,
                "device_name": "persistent-disk-0",
                "disk_encryption_key_raw": "",
                "disk_encryption_key_sha256": "",
                "initialize_params": [
                  {
                    "image": "https://www.googleapis.com/compute/v1/projects/ubuntu-os-cloud/global/images/ubuntu-2004-focal-v20210510",
                    "labels": {},
                    "size": 10,
                    "type": "pd-standard"
                  }
                ],
                "kms_key_self_link": "",
                "mode": "READ_WRITE",
                "source": "https://www.googleapis.com/compute/v1/projects/balmy-virtue-313511/zones/europe-west3-a/disks/smoketest-vm"
              }
            ],
            "can_ip_forward": false,
            "cpu_platform": "Intel Broadwell",
            "deletion_protection": false,
            "description": "",
            "enable_display": false,
            "guest_accelerator": [],
            "hostname": "",
            "id": "projects/balmy-virtue-313511/zones/europe-west3-a/instances/smoketest-vm",
            "instance_id": "8486737384450717558",
            "label_fingerprint": "42WmSpB8rSM=",
            "labels": {},
            "machine_type": "f1-micro",
            "metadata": {
              "ssh-keys": "ubuntu:ssh-rsa AAAAB3NzaC1yc2EAAAADAQABAAABgQDGbXafZoOmm/9WV3Tu7fpuC3YzGAMSFnYZ4SVIjJBL6FP5Kcd3WYJpVjK0HSzFkAew3gpXQk7bqKR3YD6+xsR3F5g+TBx6Q4KwxWq03CW4m5lxUja/iqQrX1zmwgi6xcK9oTytXdHDk2R5gGTeT+yItiDZuxrXWU61wLQvDCRFR161wz3YBknsuw0Xx038P+cV/0Wd7A1XS2PK+1svSvPZy/anIJSTrVIH42Fv7qvbpdV8N7sWcqh/Ac65RRShEG1Jv1pYiX1G14HO5Eb+rApYAD08J4x5B1DnWlzo9PVmcX7huV1seQd+OdCteAru6AXez2hwJzxCKu8333eyaQrRFCGyoOT6ZY134aTOTzLeT0AW4uvUMl2bXHjeShQsmg2NG6W6ElhuUioM1+drASPd+MyMiXlzrc4MgnAuga6pqx6+cJTVjWugI2yzI/K6V6XjvbXiIxx/1fFEi0OS4geflWu9lbbt30/mZyyUL5K5lrOpXuYxYBHyjKS6C3n47+c= os3\n"
            },
            "metadata_fingerprint": "vI5KoTJW1wI=",
            "metadata_startup_script": "",
            "min_cpu_platform": "",
            "name": "smoketest-vm",
            "network_interface": [
              {
                "access_config": [
                  {
                    "nat_ip": "34.89.212.192",
                    "network_tier": "PREMIUM",
                    "public_ptr_domain_name": ""
                  }
                ],
                "alias_ip_range": [],
                "name": "nic0",
                "network": "https://www.googleapis.com/compute/v1/projects/balmy-virtue-313511/global/networks/terraform-network",
                "network_ip": "10.156.0.2",
                "subnetwork": "https://www.googleapis.com/compute/v1/projects/balmy-virtue-313511/regions/europe-west3/subnetworks/terraform-network",
                "subnetwork_project": "balmy-virtue-313511"
              }
            ],
            "project": "balmy-virtue-313511",
            "scheduling": [
              {
                "automatic_restart": true,
                "node_affinities": [],
                "on_host_maintenance": "MIGRATE",
                "preemptible": false
              }
            ],
            "scratch_disk": [],
            "self_link": "https://www.googleapis.com/compute/v1/projects/balmy-virtue-313511/zones/europe-west3-a/instances/smoketest-vm",
            "service_account": [],
            "shielded_instance_config": [
              {
                "enable_integrity_monitoring": true,
                "enable_secure_boot": false,
                "enable_vtpm": true
              }
            ],
            "tags": [],
            "tags_fingerprint": "42WmSpB8rSM=",
            "timeouts": null,
            "zone": "europe-west3-a"
          },
          "sensitive_attributes": [],
          "private": "eyJlMmJmYjczMC1lY2FhLTExZTYtOGY4OC0zNDM2M2JjN2M0YzAiOnsiY3JlYXRlIjoxMjAwMDAwMDAwMDAwLCJkZWxldGUiOjEyMDAwMDAwMDAwMDAsInVwZGF0ZSI6MTIwMDAwMDAwMDAwMH0sInNjaGVtYV92ZXJzaW9uIjoiNiJ9"
        }
      ]
    },
    {
      "mode": "managed",
      "type": "google_compute_instance",
      "name": "webservereu",
      "provider": "provider[\"registry.terraform.io/hashicorp/google\"]",
      "instances": [
        {
          "schema_version": 6,
          "attributes": {
            "allow_stopping_for_update": null,
            "attached_disk": [],
            "boot_disk": [
              {
                "auto_delete": true,
                "device_name": "persistent-disk-0",
                "disk_encryption_key_raw": "",
                "disk_encryption_key_sha256": "",
                "initialize_params": [
                  {
                    "image": "https://www.googleapis.com/compute/v1/projects/ubuntu-os-cloud/global/images/ubuntu-2004-focal-v20210510",
                    "labels": {},
                    "size": 10,
                    "type": "pd-standard"
                  }
                ],
                "kms_key_self_link": "",
                "mode": "READ_WRITE",
                "source": "https://www.googleapis.com/compute/v1/projects/balmy-virtue-313511/zones/europe-west3-a/disks/testserver-eu"
              }
            ],
            "can_ip_forward": false,
            "cpu_platform": "Intel Broadwell",
            "deletion_protection": false,
            "description": "",
            "enable_display": false,
            "guest_accelerator": [],
            "hostname": "",
            "id": "projects/balmy-virtue-313511/zones/europe-west3-a/instances/testserver-eu",
            "instance_id": "6849301722988695835",
            "label_fingerprint": "42WmSpB8rSM=",
            "labels": null,
            "machine_type": "f1-micro",
            "metadata": {
              "ssh-keys": "ubuntu:ssh-rsa AAAAB3NzaC1yc2EAAAADAQABAAABgQDGbXafZoOmm/9WV3Tu7fpuC3YzGAMSFnYZ4SVIjJBL6FP5Kcd3WYJpVjK0HSzFkAew3gpXQk7bqKR3YD6+xsR3F5g+TBx6Q4KwxWq03CW4m5lxUja/iqQrX1zmwgi6xcK9oTytXdHDk2R5gGTeT+yItiDZuxrXWU61wLQvDCRFR161wz3YBknsuw0Xx038P+cV/0Wd7A1XS2PK+1svSvPZy/anIJSTrVIH42Fv7qvbpdV8N7sWcqh/Ac65RRShEG1Jv1pYiX1G14HO5Eb+rApYAD08J4x5B1DnWlzo9PVmcX7huV1seQd+OdCteAru6AXez2hwJzxCKu8333eyaQrRFCGyoOT6ZY134aTOTzLeT0AW4uvUMl2bXHjeShQsmg2NG6W6ElhuUioM1+drASPd+MyMiXlzrc4MgnAuga6pqx6+cJTVjWugI2yzI/K6V6XjvbXiIxx/1fFEi0OS4geflWu9lbbt30/mZyyUL5K5lrOpXuYxYBHyjKS6C3n47+c= os3\n"
            },
            "metadata_fingerprint": "vI5KoTJW1wI=",
            "metadata_startup_script": "",
            "min_cpu_platform": "",
            "name": "testserver-eu",
            "network_interface": [
              {
                "access_config": [
                  {
                    "nat_ip": "35.246.214.16",
                    "network_tier": "PREMIUM",
                    "public_ptr_domain_name": ""
                  }
                ],
                "alias_ip_range": [],
                "name": "nic0",
                "network": "https://www.googleapis.com/compute/v1/projects/balmy-virtue-313511/global/networks/terraform-network",
                "network_ip": "10.156.0.8",
                "subnetwork": "https://www.googleapis.com/compute/v1/projects/balmy-virtue-313511/regions/europe-west3/subnetworks/terraform-network",
                "subnetwork_project": "balmy-virtue-313511"
              }
            ],
            "project": "balmy-virtue-313511",
            "scheduling": [
              {
                "automatic_restart": true,
                "node_affinities": [],
                "on_host_maintenance": "MIGRATE",
                "preemptible": false
              }
            ],
            "scratch_disk": [],
            "self_link": "https://www.googleapis.com/compute/v1/projects/balmy-virtue-313511/zones/europe-west3-a/instances/testserver-eu",
            "service_account": [],
            "shielded_instance_config": [
              {
                "enable_integrity_monitoring": true,
                "enable_secure_boot": false,
                "enable_vtpm": true
              }
            ],
            "tags": null,
            "tags_fingerprint": "42WmSpB8rSM=",
            "timeouts": null,
            "zone": "europe-west3-a"
          },
          "sensitive_attributes": [],
          "private": "eyJlMmJmYjczMC1lY2FhLTExZTYtOGY4OC0zNDM2M2JjN2M0YzAiOnsiY3JlYXRlIjoxMjAwMDAwMDAwMDAwLCJkZWxldGUiOjEyMDAwMDAwMDAwMDAsInVwZGF0ZSI6MTIwMDAwMDAwMDAwMH0sInNjaGVtYV92ZXJzaW9uIjoiNiJ9",
          "dependencies": [
            "google_sql_database_instance.mastereu",
            "random_password.mysql_password"
          ]
        }
      ]
    },
    {
      "mode": "managed",
      "type": "google_compute_instance",
      "name": "webserverus",
      "provider": "provider[\"registry.terraform.io/hashicorp/google\"]",
      "instances": []
    },
    {
      "mode": "managed",
      "type": "google_compute_instance_group",
      "name": "web_private_group_eu",
      "provider": "provider[\"registry.terraform.io/hashicorp/google\"]",
      "instances": [
        {
          "schema_version": 2,
          "attributes": {
            "description": "Web servers instance group",
            "id": "projects/balmy-virtue-313511/zones/europe-west3-a/instanceGroups/vm-group-eu",
            "instances": [
              "https://www.googleapis.com/compute/v1/projects/balmy-virtue-313511/zones/europe-west3-a/instances/testserver-eu"
            ],
            "name": "vm-group-eu",
            "named_port": [
              {
                "name": "http",
                "port": 5000
              }
            ],
            "network": "https://www.googleapis.com/compute/v1/projects/balmy-virtue-313511/global/networks/terraform-network",
            "project": "balmy-virtue-313511",
            "self_link": "https://www.googleapis.com/compute/v1/projects/balmy-virtue-313511/zones/europe-west3-a/instanceGroups/vm-group-eu",
            "size": 1,
            "zone": "europe-west3-a"
          },
          "sensitive_attributes": [],
          "private": "eyJzY2hlbWFfdmVyc2lvbiI6IjIifQ==",
          "dependencies": [
            "google_compute_instance.webservereu",
            "google_sql_database_instance.mastereu",
            "random_password.mysql_password"
          ]
        }
      ]
    },
    {
      "mode": "managed",
      "type": "google_compute_instance_group",
      "name": "web_private_group_us",
      "provider": "provider[\"registry.terraform.io/hashicorp/google\"]",
      "instances": []
    },
    {
      "mode": "managed",
      "type": "google_compute_network",
      "name": "vpc_network",
      "provider": "provider[\"registry.terraform.io/hashicorp/google\"]",
      "instances": [
        {
          "schema_version": 0,
          "attributes": {
            "auto_create_subnetworks": true,
            "delete_default_routes_on_create": false,
            "description": "",
            "gateway_ipv4": "",
            "id": "projects/balmy-virtue-313511/global/networks/terraform-network",
            "ipv4_range": null,
            "name": "terraform-network",
            "project": "balmy-virtue-313511",
            "routing_mode": "REGIONAL",
            "self_link": "https://www.googleapis.com/compute/v1/projects/balmy-virtue-313511/global/networks/terraform-network",
            "timeouts": null
          },
          "sensitive_attributes": [],
          "private": "eyJlMmJmYjczMC1lY2FhLTExZTYtOGY4OC0zNDM2M2JjN2M0YzAiOnsiY3JlYXRlIjoyNDAwMDAwMDAwMDAsImRlbGV0ZSI6MjQwMDAwMDAwMDAwLCJ1cGRhdGUiOjI0MDAwMDAwMDAwMH19"
        }
      ]
    },
    {
      "mode": "managed",
      "type": "google_compute_target_http_proxy",
      "name": "target_http_proxy",
      "provider": "provider[\"registry.terraform.io/hashicorp/google\"]",
      "instances": []
    },
    {
      "mode": "managed",
      "type": "google_compute_url_map",
      "name": "url_map",
      "provider": "provider[\"registry.terraform.io/hashicorp/google\"]",
      "instances": []
    },
    {
      "mode": "managed",
      "type": "google_sql_database",
      "name": "defaulteu",
      "provider": "provider[\"registry.terraform.io/hashicorp/google\"]",
      "instances": [
        {
          "schema_version": 0,
          "attributes": {
            "charset": "utf8",
            "collation": "utf8_general_ci",
            "id": "projects/balmy-virtue-313511/instances/testdbeu/databases/testdbeu",
            "instance": "testdbeu",
            "name": "testdbeu",
            "project": "balmy-virtue-313511",
            "self_link": "https://www.googleapis.com/sql/v1beta4/projects/balmy-virtue-313511/instances/testdbeu/databases/testdbeu",
            "timeouts": null
          },
          "sensitive_attributes": [],
          "private": "eyJlMmJmYjczMC1lY2FhLTExZTYtOGY4OC0zNDM2M2JjN2M0YzAiOnsiY3JlYXRlIjo5MDAwMDAwMDAwMDAsImRlbGV0ZSI6NjAwMDAwMDAwMDAwLCJ1cGRhdGUiOjYwMDAwMDAwMDAwMH19",
          "dependencies": [
            "google_sql_database_instance.mastereu"
          ]
        }
      ]
    },
    {
      "mode": "managed",
      "type": "google_sql_database",
      "name": "defaultus",
      "provider": "provider[\"registry.terraform.io/hashicorp/google\"]",
      "instances": []
    },
    {
      "mode": "managed",
      "type": "google_sql_database_instance",
      "name": "mastereu",
      "provider": "provider[\"registry.terraform.io/hashicorp/google\"]",
      "instances": [
        {
          "schema_version": 0,
          "attributes": {
            "connection_name": "balmy-virtue-313511:europe-west3:testdbeu",
            "database_version": "MYSQL_5_7",
            "first_ip_address": "35.246.216.255",
            "id": "testdbeu",
            "ip_address": [
              {
                "ip_address": "35.246.216.255",
                "time_to_retire": "",
                "type": "PRIMARY"
              }
            ],
            "master_instance_name": "",
            "name": "testdbeu",
            "private_ip_address": "",
            "project": "balmy-virtue-313511",
            "public_ip_address": "35.246.216.255",
            "region": "europe-west3",
            "replica_configuration": [],
            "self_link": "https://www.googleapis.com/sql/v1beta4/projects/balmy-virtue-313511/instances/testdbeu",
            "server_ca_cert": [
              {
                "cert": "-----BEGIN CERTIFICATE-----\nMIIDfzCCAmegAwIBAgIBADANBgkqhkiG9w0BAQsFADB3MS0wKwYDVQQuEyQ4YTkz\nZjIwYi01NjkxLTQ4NDctOTg2Ny1lYTEzYzBlZjE1NjExIzAhBgNVBAMTGkdvb2ds\nZSBDbG91ZCBTUUwgU2VydmVyIENBMRQwEgYDVQQKEwtHb29nbGUsIEluYzELMAkG\nA1UEBhMCVVMwHhcNMjEwNTEyMTQ1NjIzWhcNMzEwNTEwMTQ1NzIzWjB3MS0wKwYD\nVQQuEyQ4YTkzZjIwYi01NjkxLTQ4NDctOTg2Ny1lYTEzYzBlZjE1NjExIzAhBgNV\nBAMTGkdvb2dsZSBDbG91ZCBTUUwgU2VydmVyIENBMRQwEgYDVQQKEwtHb29nbGUs\nIEluYzELMAkGA1UEBhMCVVMwggEiMA0GCSqGSIb3DQEBAQUAA4IBDwAwggEKAoIB\nAQCU4NOYeKXy6j8lDiVf1iwSDs/gP1Zo78cZkxVj3mgcwe2ZF3Hkh9unz9/XlOAT\n4UmtnSQ9yggm9DkrbTKHqL7ERHSdHdpM7j+T2TR1ICUvl3bICQPBLycNSIIcEFQD\nbmLHetlA7DEJlVHfuQbmbeW4KPBc1I8DymcughGK4nrsj7SvzSsTUg7rkVpTgIDL\nFRNsLxEu411tzhFc7DYpOVRm/bNC9xwsZmmV0Bb2rUJaQ5XQJpb0s6OsPGRG5Ab8\n58b7DB/Y3wwNRXYaG4yLLzAB9ZbGQbP2ClOjE8QU2gS8sWglBSqdyw/zreAWZyi9\nWn5cVuRiFZaSQvBfbeSHGkRLAgMBAAGjFjAUMBIGA1UdEwEB/wQIMAYBAf8CAQAw\nDQYJKoZIhvcNAQELBQADggEBABafnQcd9Dr/FZ3p6dMxz0aEAJpBM9X2yGY+cT2u\ncVcjlagDImAuBRySC+jmT0118ndS6QkkRuS14VZLZ8mVt7tpDYUn7enH2Ms1d+6y\nLla3vdF12RQReYykT4Vl7dKuoaKC5Rc+03WIPWkxw2dr3vtIGFRb3KTWp0bdX9FI\nDoUrsG0w6+Qyk8waMHBAb1HbrVeaFSWADMoq8cuiReVRR1+AqGBUk2zcNskLwaiV\nMwe5VJgB6VvCscczsRbv3g527qzmi6gOUwMxNGhDIIvFOYZ8hlzdieS2iUfCItBh\nVvKbQytpV35I2ftAW0vyi93goKGOBnZpYOY8+c2mPg0vA4s=\n-----END CERTIFICATE-----",
                "common_name": "C=US,O=Google\\, Inc,CN=Google Cloud SQL Server CA,dnQualifier=8a93f20b-5691-4847-9867-ea13c0ef1561",
                "create_time": "2021-05-12T14:56:23.434Z",
                "expiration_time": "2031-05-10T14:57:23.434Z",
                "sha1_fingerprint": "c4d38e79eda4fc8ac62b78a34c681f10188a3918"
              }
            ],
            "service_account_email_address": "p205433598219-dj458d@gcp-sa-cloud-sql.iam.gserviceaccount.com",
            "settings": [
              {
                "activation_policy": "ALWAYS",
                "authorized_gae_applications": [],
                "availability_type": "ZONAL",
                "backup_configuration": [
                  {
                    "binary_log_enabled": false,
                    "enabled": false,
                    "location": "",
                    "start_time": "15:00"
                  }
                ],
                "crash_safe_replication": false,
                "database_flags": [],
                "disk_autoresize": true,
                "disk_size": 10,
                "disk_type": "PD_SSD",
                "ip_configuration": [
                  {
                    "authorized_networks": [
                      {
                        "expiration_time": "",
                        "name": "all",
                        "value": "0.0.0.0/0"
                      }
                    ],
                    "ipv4_enabled": true,
                    "private_network": "",
                    "require_ssl": false
                  }
                ],
                "location_preference": [
                  {
                    "follow_gae_application": "",
                    "zone": "europe-west3-a"
                  }
                ],
                "maintenance_window": [],
                "pricing_plan": "PER_USE",
                "replication_type": "SYNCHRONOUS",
                "tier": "db-f1-micro",
                "user_labels": {},
                "version": 1
              }
            ],
            "timeouts": null
          },
          "sensitive_attributes": [],
          "private": "eyJlMmJmYjczMC1lY2FhLTExZTYtOGY4OC0zNDM2M2JjN2M0YzAiOnsiY3JlYXRlIjoxMjAwMDAwMDAwMDAwLCJkZWxldGUiOjEyMDAwMDAwMDAwMDAsInVwZGF0ZSI6MTIwMDAwMDAwMDAwMH19"
        }
      ]
    },
    {
      "mode": "managed",
      "type": "google_sql_user",
      "name": "defaulteu",
      "provider": "provider[\"registry.terraform.io/hashicorp/google\"]",
      "instances": [
        {
          "schema_version": 1,
          "attributes": {
            "host": "%",
            "id": "ubuntu/%/testdbeu",
            "instance": "testdbeu",
            "name": "ubuntu",
            "password": "TZcYfWiusqNounSh",
            "project": "balmy-virtue-313511"
          },
          "sensitive_attributes": [
            [
              {
                "type": "get_attr",
                "value": "password"
              }
            ]
          ],
          "private": "eyJzY2hlbWFfdmVyc2lvbiI6IjEifQ==",
          "dependencies": [
            "google_sql_database_instance.mastereu",
            "random_password.mysql_password"
          ]
        }
      ]
    },
    {
      "mode": "managed",
      "type": "google_sql_user",
      "name": "defaultus",
      "provider": "provider[\"registry.terraform.io/hashicorp/google\"]",
      "instances": []
    },
    {
      "mode": "managed",
      "type": "random_password",
      "name": "mysql_password",
      "provider": "provider[\"registry.terraform.io/hashicorp/random\"]",
      "instances": [
        {
          "schema_version": 0,
          "attributes": {
            "id": "none",
            "keepers": null,
            "length": 16,
            "lower": true,
            "min_lower": 0,
            "min_numeric": 0,
            "min_special": 0,
            "min_upper": 0,
            "number": true,
            "override_special": null,
            "result": "TZcYfWiusqNounSh",
            "special": false,
            "upper": true
          },
          "sensitive_attributes": [],
          "private": "bnVsbA=="
        }
      ]
    }
  ]
}
